
Microsoft Visual Studio Solution File, Format Version 12.00
# Visual Studio 15
VisualStudioVersion = 15.0.26124.0
MinimumVisualStudioVersion = 15.0.26124.0
Project("{FAE04EC0-301F-11D3-BF4B-00C04F79EFBC}") = "API", "API\API.csproj", "{41151802-F873-4BD0-931B-C1C8C57B232A}"
EndProject
Project("{FAE04EC0-301F-11D3-BF4B-00C04F79EFBC}") = "Application", "Application\Application.csproj", "{50A5D23B-5E1D-4CD8-9675-E36CDF8B5A50}"
EndProject
Project("{FAE04EC0-301F-11D3-BF4B-00C04F79EFBC}") = "Domain", "Domain\Domain.csproj", "{5D5DA0CA-7224-4E08-95EE-004EDA30BA72}"
EndProject
Project("{FAE04EC0-301F-11D3-BF4B-00C04F79EFBC}") = "Persistence", "Persistence\Persistence.csproj", "{721974BD-6E54-4DD8-809B-AF441A597DC5}"
EndProject
Project("{FAE04EC0-301F-11D3-BF4B-00C04F79EFBC}") = "Infrastructure", "Infrastructure\Infrastructure.csproj", "{BC84C467-4910-426D-9570-D865C90101BF}"
EndProject
Project("{FAE04EC0-301F-11D3-BF4B-00C04F79EFBC}") = "DataView", "DataView\DataView.csproj", "{38309CE2-848E-4F54-BC77-E88B3E158D33}"
EndProject
Global
	GlobalSection(SolutionConfigurationPlatforms) = preSolution
		Debug|Any CPU = Debug|Any CPU
		Debug|x64 = Debug|x64
		Debug|x86 = Debug|x86
		Release|Any CPU = Release|Any CPU
		Release|x64 = Release|x64
		Release|x86 = Release|x86
	EndGlobalSection
	GlobalSection(SolutionProperties) = preSolution
		HideSolutionNode = FALSE
	EndGlobalSection
	GlobalSection(ProjectConfigurationPlatforms) = postSolution
		{41151802-F873-4BD0-931B-C1C8C57B232A}.Debug|Any CPU.ActiveCfg = Debug|Any CPU
		{41151802-F873-4BD0-931B-C1C8C57B232A}.Debug|Any CPU.Build.0 = Debug|Any CPU
		{41151802-F873-4BD0-931B-C1C8C57B232A}.Debug|x64.ActiveCfg = Debug|Any CPU
		{41151802-F873-4BD0-931B-C1C8C57B232A}.Debug|x64.Build.0 = Debug|Any CPU
		{41151802-F873-4BD0-931B-C1C8C57B232A}.Debug|x86.ActiveCfg = Debug|Any CPU
		{41151802-F873-4BD0-931B-C1C8C57B232A}.Debug|x86.Build.0 = Debug|Any CPU
		{41151802-F873-4BD0-931B-C1C8C57B232A}.Release|Any CPU.ActiveCfg = Release|Any CPU
		{41151802-F873-4BD0-931B-C1C8C57B232A}.Release|Any CPU.Build.0 = Release|Any CPU
		{41151802-F873-4BD0-931B-C1C8C57B232A}.Release|x64.ActiveCfg = Release|Any CPU
		{41151802-F873-4BD0-931B-C1C8C57B232A}.Release|x64.Build.0 = Release|Any CPU
		{41151802-F873-4BD0-931B-C1C8C57B232A}.Release|x86.ActiveCfg = Release|Any CPU
		{41151802-F873-4BD0-931B-C1C8C57B232A}.Release|x86.Build.0 = Release|Any CPU
		{50A5D23B-5E1D-4CD8-9675-E36CDF8B5A50}.Debug|Any CPU.ActiveCfg = Debug|Any CPU
		{50A5D23B-5E1D-4CD8-9675-E36CDF8B5A50}.Debug|Any CPU.Build.0 = Debug|Any CPU
		{50A5D23B-5E1D-4CD8-9675-E36CDF8B5A50}.Debug|x64.ActiveCfg = Debug|Any CPU
		{50A5D23B-5E1D-4CD8-9675-E36CDF8B5A50}.Debug|x64.Build.0 = Debug|Any CPU
		{50A5D23B-5E1D-4CD8-9675-E36CDF8B5A50}.Debug|x86.ActiveCfg = Debug|Any CPU
		{50A5D23B-5E1D-4CD8-9675-E36CDF8B5A50}.Debug|x86.Build.0 = Debug|Any CPU
		{50A5D23B-5E1D-4CD8-9675-E36CDF8B5A50}.Release|Any CPU.ActiveCfg = Release|Any CPU
		{50A5D23B-5E1D-4CD8-9675-E36CDF8B5A50}.Release|Any CPU.Build.0 = Release|Any CPU
		{50A5D23B-5E1D-4CD8-9675-E36CDF8B5A50}.Release|x64.ActiveCfg = Release|Any CPU
		{50A5D23B-5E1D-4CD8-9675-E36CDF8B5A50}.Release|x64.Build.0 = Release|Any CPU
		{50A5D23B-5E1D-4CD8-9675-E36CDF8B5A50}.Release|x86.ActiveCfg = Release|Any CPU
		{50A5D23B-5E1D-4CD8-9675-E36CDF8B5A50}.Release|x86.Build.0 = Release|Any CPU
		{5D5DA0CA-7224-4E08-95EE-004EDA30BA72}.Debug|Any CPU.ActiveCfg = Debug|Any CPU
		{5D5DA0CA-7224-4E08-95EE-004EDA30BA72}.Debug|Any CPU.Build.0 = Debug|Any CPU
		{5D5DA0CA-7224-4E08-95EE-004EDA30BA72}.Debug|x64.ActiveCfg = Debug|Any CPU
		{5D5DA0CA-7224-4E08-95EE-004EDA30BA72}.Debug|x64.Build.0 = Debug|Any CPU
		{5D5DA0CA-7224-4E08-95EE-004EDA30BA72}.Debug|x86.ActiveCfg = Debug|Any CPU
		{5D5DA0CA-7224-4E08-95EE-004EDA30BA72}.Debug|x86.Build.0 = Debug|Any CPU
		{5D5DA0CA-7224-4E08-95EE-004EDA30BA72}.Release|Any CPU.ActiveCfg = Release|Any CPU
		{5D5DA0CA-7224-4E08-95EE-004EDA30BA72}.Release|Any CPU.Build.0 = Release|Any CPU
		{5D5DA0CA-7224-4E08-95EE-004EDA30BA72}.Release|x64.ActiveCfg = Release|Any CPU
		{5D5DA0CA-7224-4E08-95EE-004EDA30BA72}.Release|x64.Build.0 = Release|Any CPU
		{5D5DA0CA-7224-4E08-95EE-004EDA30BA72}.Release|x86.ActiveCfg = Release|Any CPU
		{5D5DA0CA-7224-4E08-95EE-004EDA30BA72}.Release|x86.Build.0 = Release|Any CPU
		{721974BD-6E54-4DD8-809B-AF441A597DC5}.Debug|Any CPU.ActiveCfg = Debug|Any CPU
		{721974BD-6E54-4DD8-809B-AF441A597DC5}.Debug|Any CPU.Build.0 = Debug|Any CPU
		{721974BD-6E54-4DD8-809B-AF441A597DC5}.Debug|x64.ActiveCfg = Debug|Any CPU
		{721974BD-6E54-4DD8-809B-AF441A597DC5}.Debug|x64.Build.0 = Debug|Any CPU
		{721974BD-6E54-4DD8-809B-AF441A597DC5}.Debug|x86.ActiveCfg = Debug|Any CPU
		{721974BD-6E54-4DD8-809B-AF441A597DC5}.Debug|x86.Build.0 = Debug|Any CPU
		{721974BD-6E54-4DD8-809B-AF441A597DC5}.Release|Any CPU.ActiveCfg = Release|Any CPU
		{721974BD-6E54-4DD8-809B-AF441A597DC5}.Release|Any CPU.Build.0 = Release|Any CPU
		{721974BD-6E54-4DD8-809B-AF441A597DC5}.Release|x64.ActiveCfg = Release|Any CPU
		{721974BD-6E54-4DD8-809B-AF441A597DC5}.Release|x64.Build.0 = Release|Any CPU
		{721974BD-6E54-4DD8-809B-AF441A597DC5}.Release|x86.ActiveCfg = Release|Any CPU
		{721974BD-6E54-4DD8-809B-AF441A597DC5}.Release|x86.Build.0 = Release|Any CPU
		{BC84C467-4910-426D-9570-D865C90101BF}.Debug|Any CPU.ActiveCfg = Debug|Any CPU
		{BC84C467-4910-426D-9570-D865C90101BF}.Debug|Any CPU.Build.0 = Debug|Any CPU
		{BC84C467-4910-426D-9570-D865C90101BF}.Debug|x64.ActiveCfg = Debug|Any CPU
		{BC84C467-4910-426D-9570-D865C90101BF}.Debug|x64.Build.0 = Debug|Any CPU
		{BC84C467-4910-426D-9570-D865C90101BF}.Debug|x86.ActiveCfg = Debug|Any CPU
		{BC84C467-4910-426D-9570-D865C90101BF}.Debug|x86.Build.0 = Debug|Any CPU
		{BC84C467-4910-426D-9570-D865C90101BF}.Release|Any CPU.ActiveCfg = Release|Any CPU
		{BC84C467-4910-426D-9570-D865C90101BF}.Release|Any CPU.Build.0 = Release|Any CPU
		{BC84C467-4910-426D-9570-D865C90101BF}.Release|x64.ActiveCfg = Release|Any CPU
		{BC84C467-4910-426D-9570-D865C90101BF}.Release|x64.Build.0 = Release|Any CPU
		{BC84C467-4910-426D-9570-D865C90101BF}.Release|x86.ActiveCfg = Release|Any CPU
		{BC84C467-4910-426D-9570-D865C90101BF}.Release|x86.Build.0 = Release|Any CPU
		{38309CE2-848E-4F54-BC77-E88B3E158D33}.Debug|Any CPU.ActiveCfg = Debug|Any CPU
		{38309CE2-848E-4F54-BC77-E88B3E158D33}.Debug|Any CPU.Build.0 = Debug|Any CPU
		{38309CE2-848E-4F54-BC77-E88B3E158D33}.Debug|x64.ActiveCfg = Debug|Any CPU
		{38309CE2-848E-4F54-BC77-E88B3E158D33}.Debug|x64.Build.0 = Debug|Any CPU
		{38309CE2-848E-4F54-BC77-E88B3E158D33}.Debug|x86.ActiveCfg = Debug|Any CPU
		{38309CE2-848E-4F54-BC77-E88B3E158D33}.Debug|x86.Build.0 = Debug|Any CPU
		{38309CE2-848E-4F54-BC77-E88B3E158D33}.Release|Any CPU.ActiveCfg = Release|Any CPU
		{38309CE2-848E-4F54-BC77-E88B3E158D33}.Release|Any CPU.Build.0 = Release|Any CPU
		{38309CE2-848E-4F54-BC77-E88B3E158D33}.Release|x64.ActiveCfg = Release|Any CPU
		{38309CE2-848E-4F54-BC77-E88B3E158D33}.Release|x64.Build.0 = Release|Any CPU
		{38309CE2-848E-4F54-BC77-E88B3E158D33}.Release|x86.ActiveCfg = Release|Any CPU
		{38309CE2-848E-4F54-BC77-E88B3E158D33}.Release|x86.Build.0 = Release|Any CPU
	EndGlobalSection
EndGlobal
